
Microsoft Visual Studio Solution File, Format Version 12.00
# Visual Studio Version 17
VisualStudioVersion = 17.0.31903.59
MinimumVisualStudioVersion = 10.0.40219.1
Project("{2150E333-8FDC-42A3-9474-1A3956D46DE8}") = "src", "src", "{827E0CD3-B72D-47B6-A68D-7590B98EB39B}"
EndProject
Project("{FAE04EC0-301F-11D3-BF4B-00C04F79EFBC}") = "SistemaCitas.Dominio", "src\SistemaCitas.Dominio\SistemaCitas.Dominio.csproj", "{F9280908-FB73-477C-9D25-433E7919184F}"
EndProject
Project("{FAE04EC0-301F-11D3-BF4B-00C04F79EFBC}") = "SistemaCitas.Aplicacion", "src\SistemaCitas.Aplicacion\SistemaCitas.Aplicacion.csproj", "{2E019DAA-53D4-40CD-98E4-BF7C06B9DBBE}"
EndProject
Project("{FAE04EC0-301F-11D3-BF4B-00C04F79EFBC}") = "SistemaCitas.Infraestructura", "src\SistemaCitas.Infraestructura\SistemaCitas.Infraestructura.csproj", "{3DE47A1B-9E10-4217-A02F-35A565894F61}"
EndProject
Project("{FAE04EC0-301F-11D3-BF4B-00C04F79EFBC}") = "SistemaCitas.Presentacion", "src\SistemaCitas.Presentacion\SistemaCitas.Presentacion.csproj", "{5B0F1014-617D-4324-B229-F69693B097E2}"
EndProject
Project("{2150E333-8FDC-42A3-9474-1A3956D46DE8}") = "tests", "tests", "{0AB3BF05-4346-4AA6-1389-037BE0695223}"
EndProject
Project("{FAE04EC0-301F-11D3-BF4B-00C04F79EFBC}") = "SistemaCitas.Pruebas", "tests\SistemaCitas.Pruebas\SistemaCitas.Pruebas.csproj", "{8DA92288-0488-42EC-AAED-831056D56853}"
EndProject
Global
	GlobalSection(SolutionConfigurationPlatforms) = preSolution
		Debug|Any CPU = Debug|Any CPU
		Debug|x64 = Debug|x64
		Debug|x86 = Debug|x86
		Release|Any CPU = Release|Any CPU
		Release|x64 = Release|x64
		Release|x86 = Release|x86
	EndGlobalSection
	GlobalSection(ProjectConfigurationPlatforms) = postSolution
		{F9280908-FB73-477C-9D25-433E7919184F}.Debug|Any CPU.ActiveCfg = Debug|Any CPU
		{F9280908-FB73-477C-9D25-433E7919184F}.Debug|Any CPU.Build.0 = Debug|Any CPU
		{F9280908-FB73-477C-9D25-433E7919184F}.Debug|x64.ActiveCfg = Debug|Any CPU
		{F9280908-FB73-477C-9D25-433E7919184F}.Debug|x64.Build.0 = Debug|Any CPU
		{F9280908-FB73-477C-9D25-433E7919184F}.Debug|x86.ActiveCfg = Debug|Any CPU
		{F9280908-FB73-477C-9D25-433E7919184F}.Debug|x86.Build.0 = Debug|Any CPU
		{F9280908-FB73-477C-9D25-433E7919184F}.Release|Any CPU.ActiveCfg = Release|Any CPU
		{F9280908-FB73-477C-9D25-433E7919184F}.Release|Any CPU.Build.0 = Release|Any CPU
		{F9280908-FB73-477C-9D25-433E7919184F}.Release|x64.ActiveCfg = Release|Any CPU
		{F9280908-FB73-477C-9D25-433E7919184F}.Release|x64.Build.0 = Release|Any CPU
		{F9280908-FB73-477C-9D25-433E7919184F}.Release|x86.ActiveCfg = Release|Any CPU
		{F9280908-FB73-477C-9D25-433E7919184F}.Release|x86.Build.0 = Release|Any CPU
		{2E019DAA-53D4-40CD-98E4-BF7C06B9DBBE}.Debug|Any CPU.ActiveCfg = Debug|Any CPU
		{2E019DAA-53D4-40CD-98E4-BF7C06B9DBBE}.Debug|Any CPU.Build.0 = Debug|Any CPU
		{2E019DAA-53D4-40CD-98E4-BF7C06B9DBBE}.Debug|x64.ActiveCfg = Debug|Any CPU
		{2E019DAA-53D4-40CD-98E4-BF7C06B9DBBE}.Debug|x64.Build.0 = Debug|Any CPU
		{2E019DAA-53D4-40CD-98E4-BF7C06B9DBBE}.Debug|x86.ActiveCfg = Debug|Any CPU
		{2E019DAA-53D4-40CD-98E4-BF7C06B9DBBE}.Debug|x86.Build.0 = Debug|Any CPU
		{2E019DAA-53D4-40CD-98E4-BF7C06B9DBBE}.Release|Any CPU.ActiveCfg = Release|Any CPU
		{2E019DAA-53D4-40CD-98E4-BF7C06B9DBBE}.Release|Any CPU.Build.0 = Release|Any CPU
		{2E019DAA-53D4-40CD-98E4-BF7C06B9DBBE}.Release|x64.ActiveCfg = Release|Any CPU
		{2E019DAA-53D4-40CD-98E4-BF7C06B9DBBE}.Release|x64.Build.0 = Release|Any CPU
		{2E019DAA-53D4-40CD-98E4-BF7C06B9DBBE}.Release|x86.ActiveCfg = Release|Any CPU
		{2E019DAA-53D4-40CD-98E4-BF7C06B9DBBE}.Release|x86.Build.0 = Release|Any CPU
		{3DE47A1B-9E10-4217-A02F-35A565894F61}.Debug|Any CPU.ActiveCfg = Debug|Any CPU
		{3DE47A1B-9E10-4217-A02F-35A565894F61}.Debug|Any CPU.Build.0 = Debug|Any CPU
		{3DE47A1B-9E10-4217-A02F-35A565894F61}.Debug|x64.ActiveCfg = Debug|Any CPU
		{3DE47A1B-9E10-4217-A02F-35A565894F61}.Debug|x64.Build.0 = Debug|Any CPU
		{3DE47A1B-9E10-4217-A02F-35A565894F61}.Debug|x86.ActiveCfg = Debug|Any CPU
		{3DE47A1B-9E10-4217-A02F-35A565894F61}.Debug|x86.Build.0 = Debug|Any CPU
		{3DE47A1B-9E10-4217-A02F-35A565894F61}.Release|Any CPU.ActiveCfg = Release|Any CPU
		{3DE47A1B-9E10-4217-A02F-35A565894F61}.Release|Any CPU.Build.0 = Release|Any CPU
		{3DE47A1B-9E10-4217-A02F-35A565894F61}.Release|x64.ActiveCfg = Release|Any CPU
		{3DE47A1B-9E10-4217-A02F-35A565894F61}.Release|x64.Build.0 = Release|Any CPU
		{3DE47A1B-9E10-4217-A02F-35A565894F61}.Release|x86.ActiveCfg = Release|Any CPU
		{3DE47A1B-9E10-4217-A02F-35A565894F61}.Release|x86.Build.0 = Release|Any CPU
		{5B0F1014-617D-4324-B229-F69693B097E2}.Debug|Any CPU.ActiveCfg = Debug|Any CPU
		{5B0F1014-617D-4324-B229-F69693B097E2}.Debug|Any CPU.Build.0 = Debug|Any CPU
		{5B0F1014-617D-4324-B229-F69693B097E2}.Debug|x64.ActiveCfg = Debug|Any CPU
		{5B0F1014-617D-4324-B229-F69693B097E2}.Debug|x64.Build.0 = Debug|Any CPU
		{5B0F1014-617D-4324-B229-F69693B097E2}.Debug|x86.ActiveCfg = Debug|Any CPU
		{5B0F1014-617D-4324-B229-F69693B097E2}.Debug|x86.Build.0 = Debug|Any CPU
		{5B0F1014-617D-4324-B229-F69693B097E2}.Release|Any CPU.ActiveCfg = Release|Any CPU
		{5B0F1014-617D-4324-B229-F69693B097E2}.Release|Any CPU.Build.0 = Release|Any CPU
		{5B0F1014-617D-4324-B229-F69693B097E2}.Release|x64.ActiveCfg = Release|Any CPU
		{5B0F1014-617D-4324-B229-F69693B097E2}.Release|x64.Build.0 = Release|Any CPU
		{5B0F1014-617D-4324-B229-F69693B097E2}.Release|x86.ActiveCfg = Release|Any CPU
		{5B0F1014-617D-4324-B229-F69693B097E2}.Release|x86.Build.0 = Release|Any CPU
		{8DA92288-0488-42EC-AAED-831056D56853}.Debug|Any CPU.ActiveCfg = Debug|Any CPU
		{8DA92288-0488-42EC-AAED-831056D56853}.Debug|Any CPU.Build.0 = Debug|Any CPU
		{8DA92288-0488-42EC-AAED-831056D56853}.Debug|x64.ActiveCfg = Debug|Any CPU
		{8DA92288-0488-42EC-AAED-831056D56853}.Debug|x64.Build.0 = Debug|Any CPU
		{8DA92288-0488-42EC-AAED-831056D56853}.Debug|x86.ActiveCfg = Debug|Any CPU
		{8DA92288-0488-42EC-AAED-831056D56853}.Debug|x86.Build.0 = Debug|Any CPU
		{8DA92288-0488-42EC-AAED-831056D56853}.Release|Any CPU.ActiveCfg = Release|Any CPU
		{8DA92288-0488-42EC-AAED-831056D56853}.Release|Any CPU.Build.0 = Release|Any CPU
		{8DA92288-0488-42EC-AAED-831056D56853}.Release|x64.ActiveCfg = Release|Any CPU
		{8DA92288-0488-42EC-AAED-831056D56853}.Release|x64.Build.0 = Release|Any CPU
		{8DA92288-0488-42EC-AAED-831056D56853}.Release|x86.ActiveCfg = Release|Any CPU
		{8DA92288-0488-42EC-AAED-831056D56853}.Release|x86.Build.0 = Release|Any CPU
	EndGlobalSection
	GlobalSection(SolutionProperties) = preSolution
		HideSolutionNode = FALSE
	EndGlobalSection
	GlobalSection(NestedProjects) = preSolution
		{F9280908-FB73-477C-9D25-433E7919184F} = {827E0CD3-B72D-47B6-A68D-7590B98EB39B}
		{2E019DAA-53D4-40CD-98E4-BF7C06B9DBBE} = {827E0CD3-B72D-47B6-A68D-7590B98EB39B}
		{3DE47A1B-9E10-4217-A02F-35A565894F61} = {827E0CD3-B72D-47B6-A68D-7590B98EB39B}
		{5B0F1014-617D-4324-B229-F69693B097E2} = {827E0CD3-B72D-47B6-A68D-7590B98EB39B}
		{8DA92288-0488-42EC-AAED-831056D56853} = {0AB3BF05-4346-4AA6-1389-037BE0695223}
	EndGlobalSection
EndGlobal
